// !$*UTF8*$!
{
	archiveVersion = 1;
	classes = {
	};
	objectVersion = 56;
	objects = {

/* Begin PBXBuildFile section */
		2C8E8BE22A95CE3E00E6EFBE /* AppDelegate.swift in Sources */ = {isa = PBXBuildFile; fileRef = 2C8E8BE12A95CE3E00E6EFBE /* AppDelegate.swift */; };
		2C8E8BE42A95CE3E00E6EFBE /* SceneDelegate.swift in Sources */ = {isa = PBXBuildFile; fileRef = 2C8E8BE32A95CE3E00E6EFBE /* SceneDelegate.swift */; };
		2C8E8BE62A95CE3E00E6EFBE /* ViewController.swift in Sources */ = {isa = PBXBuildFile; fileRef = 2C8E8BE52A95CE3E00E6EFBE /* ViewController.swift */; };
		2C8E8BE92A95CE3E00E6EFBE /* Main.storyboard in Resources */ = {isa = PBXBuildFile; fileRef = 2C8E8BE72A95CE3E00E6EFBE /* Main.storyboard */; };
		2C8E8BEB2A95CE3F00E6EFBE /* Assets.xcassets in Resources */ = {isa = PBXBuildFile; fileRef = 2C8E8BEA2A95CE3F00E6EFBE /* Assets.xcassets */; };
		2C8E8BEE2A95CE3F00E6EFBE /* LaunchScreen.storyboard in Resources */ = {isa = PBXBuildFile; fileRef = 2C8E8BEC2A95CE3F00E6EFBE /* LaunchScreen.storyboard */; };
		2C8E8BF62A95E50500E6EFBE /* DetailsViewController.swift in Sources */ = {isa = PBXBuildFile; fileRef = 2C8E8BF52A95E50500E6EFBE /* DetailsViewController.swift */; };
/* End PBXBuildFile section */

/* Begin PBXFileReference section */
		2C8E8BDE2A95CE3E00E6EFBE /* superHeroBook.app */ = {isa = PBXFileReference; explicitFileType = wrapper.application; includeInIndex = 0; path = superHeroBook.app; sourceTree = BUILT_PRODUCTS_DIR; };
		2C8E8BE12A95CE3E00E6EFBE /* AppDelegate.swift */ = {isa = PBXFileReference; lastKnownFileType = sourcecode.swift; path = AppDelegate.swift; sourceTree = "<group>"; };
		2C8E8BE32A95CE3E00E6EFBE /* SceneDelegate.swift */ = {isa = PBXFileReference; lastKnownFileType = sourcecode.swift; path = SceneDelegate.swift; sourceTree = "<group>"; };
		2C8E8BE52A95CE3E00E6EFBE /* ViewController.swift */ = {isa = PBXFileReference; lastKnownFileType = sourcecode.swift; path = ViewController.swift; sourceTree = "<group>"; };
		2C8E8BE82A95CE3E00E6EFBE /* Base */ = {isa = PBXFileReference; lastKnownFileType = file.storyboard; name = Base; path = Base.lproj/Main.storyboard; sourceTree = "<group>"; };
		2C8E8BEA2A95CE3F00E6EFBE /* Assets.xcassets */ = {isa = PBXFileReference; lastKnownFileType = folder.assetcatalog; path = Assets.xcassets; sourceTree = "<group>"; };
		2C8E8BED2A95CE3F00E6EFBE /* Base */ = {isa = PBXFileReference; lastKnownFileType = file.storyboard; name = Base; path = Base.lproj/LaunchScreen.storyboard; sourceTree = "<group>"; };
		2C8E8BEF2A95CE3F00E6EFBE /* Info.plist */ = {isa = PBXFileReference; lastKnownFileType = text.plist.xml; path = Info.plist; sourceTree = "<group>"; };
		2C8E8BF52A95E50500E6EFBE /* DetailsViewController.swift */ = {isa = PBXFileReference; lastKnownFileType = sourcecode.swift; path = DetailsViewController.swift; sourceTree = "<group>"; };
/* End PBXFileReference section */

/* Begin PBXFrameworksBuildPhase section */
		2C8E8BDB2A95CE3E00E6EFBE /* Frameworks */ = {
			isa = PBXFrameworksBuildPhase;
			buildActionMask = 2147483647;
			files = (
			);
			runOnlyForDeploymentPostprocessing = 0;
		};
/* End PBXFrameworksBuildPhase section */

/* Begin PBXGroup section */
		2C8E8BD52A95CE3E00E6EFBE = {
			isa = PBXGroup;
			children = (
				2C8E8BE02A95CE3E00E6EFBE /* superHeroBook */,
				2C8E8BDF2A95CE3E00E6EFBE /* Products */,
			);
			sourceTree = "<group>";
		};
		2C8E8BDF2A95CE3E00E6EFBE /* Products */ = {
			isa = PBXGroup;
			children = (
				2C8E8BDE2A95CE3E00E6EFBE /* superHeroBook.app */,
			);
			name = Products;
			sourceTree = "<group>";
		};
		2C8E8BE02A95CE3E00E6EFBE /* superHeroBook */ = {
			isa = PBXGroup;
			children = (
				2C8E8BE12A95CE3E00E6EFBE /* AppDelegate.swift */,
				2C8E8BE32A95CE3E00E6EFBE /* SceneDelegate.swift */,
				2C8E8BE52A95CE3E00E6EFBE /* ViewController.swift */,
				2C8E8BF52A95E50500E6EFBE /* DetailsViewController.swift */,
				2C8E8BE72A95CE3E00E6EFBE /* Main.storyboard */,
				2C8E8BEA2A95CE3F00E6EFBE /* Assets.xcassets */,
				2C8E8BEC2A95CE3F00E6EFBE /* LaunchScreen.storyboard */,
				2C8E8BEF2A95CE3F00E6EFBE /* Info.plist */,
			);
			path = superHeroBook;
			sourceTree = "<group>";
		};
/* End PBXGroup section */

/* Begin PBXNativeTarget section */
		2C8E8BDD2A95CE3E00E6EFBE /* superHeroBook */ = {
			isa = PBXNativeTarget;
			buildConfigurationList = 2C8E8BF22A95CE3F00E6EFBE /* Build configuration list for PBXNativeTarget "superHeroBook" */;
			buildPhases = (
				2C8E8BDA2A95CE3E00E6EFBE /* Sources */,
				2C8E8BDB2A95CE3E00E6EFBE /* Frameworks */,
				2C8E8BDC2A95CE3E00E6EFBE /* Resources */,
			);
			buildRules = (
			);
			dependencies = (
			);
			name = superHeroBook;
			productName = superHeroBook;
			productReference = 2C8E8BDE2A95CE3E00E6EFBE /* superHeroBook.app */;
			productType = "com.apple.product-type.application";
		};
/* End PBXNativeTarget section */

/* Begin PBXProject section */
		2C8E8BD62A95CE3E00E6EFBE /* Project object */ = {
			isa = PBXProject;
			attributes = {
				BuildIndependentTargetsInParallel = 1;
				LastSwiftUpdateCheck = 1430;
				LastUpgradeCheck = 1430;
				TargetAttributes = {
					2C8E8BDD2A95CE3E00E6EFBE = {
						CreatedOnToolsVersion = 14.3.1;
					};
				};
			};
			buildConfigurationList = 2C8E8BD92A95CE3E00E6EFBE /* Build configuration list for PBXProject "superHeroBook" */;
			compatibilityVersion = "Xcode 14.0";
			developmentRegion = en;
			hasScannedForEncodings = 0;
			knownRegions = (
				en,
				Base,
			);
			mainGroup = 2C8E8BD52A95CE3E00E6EFBE;
			productRefGroup = 2C8E8BDF2A95CE3E00E6EFBE /* Products */;
			projectDirPath = "";
			projectRoot = "";
			targets = (
				2C8E8BDD2A95CE3E00E6EFBE /* superHeroBook */,
			);
		};
/* End PBXProject section */

/* Begin PBXResourcesBuildPhase section */
		2C8E8BDC2A95CE3E00E6EFBE /* Resources */ = {
			isa = PBXResourcesBuildPhase;
			buildActionMask = 2147483647;
			files = (
				2C8E8BEE2A95CE3F00E6EFBE /* LaunchScreen.storyboard in Resources */,
				2C8E8BEB2A95CE3F00E6EFBE /* Assets.xcassets in Resources */,
				2C8E8BE92A95CE3E00E6EFBE /* Main.storyboard in Resources */,
			);
			runOnlyForDeploymentPostprocessing = 0;
		};
/* End PBXResourcesBuildPhase section */

/* Begin PBXSourcesBuildPhase section */
		2C8E8BDA2A95CE3E00E6EFBE /* Sources */ = {
			isa = PBXSourcesBuildPhase;
			buildActionMask = 2147483647;
			files = (
				2C8E8BE62A95CE3E00E6EFBE /* ViewController.swift in Sources */,
				2C8E8BE22A95CE3E00E6EFBE /* AppDelegate.swift in Sources */,
				2C8E8BE42A95CE3E00E6EFBE /* SceneDelegate.swift in Sources */,
				2C8E8BF62A95E50500E6EFBE /* DetailsViewController.swift in Sources */,
			);
			runOnlyForDeploymentPostprocessing = 0;
		};
/* End PBXSourcesBuildPhase section */

/* Begin PBXVariantGroup section */
		2C8E8BE72A95CE3E00E6EFBE /* Main.storyboard */ = {
			isa = PBXVariantGroup;
			children = (
				2C8E8BE82A95CE3E00E6EFBE /* Base */,
			);
			name = Main.storyboard;
			sourceTree = "<group>";
		};
		2C8E8BEC2A95CE3F00E6EFBE /* LaunchScreen.storyboard */ = {
			isa = PBXVariantGroup;
			children = (
				2C8E8BED2A95CE3F00E6EFBE /* Base */,
			);
			name = LaunchScreen.storyboard;
			sourceTree = "<group>";
		};
/* End PBXVariantGroup section */

/* Begin XCBuildConfiguration section */
		2C8E8BF02A95CE3F00E6EFBE /* Debug */ = {
			isa = XCBuildConfiguration;
			buildSettings = {
				ALWAYS_SEARCH_USER_PATHS = NO;
				CLANG_ANALYZER_NONNULL = YES;
				CLANG_ANALYZER_NUMBER_OBJECT_CONVERSION = YES_AGGRESSIVE;
				CLANG_CXX_LANGUAGE_STANDARD = "gnu++20";
				CLANG_ENABLE_MODULES = YES;
				CLANG_ENABLE_OBJC_ARC = YES;
				CLANG_ENABLE_OBJC_WEAK = YES;
				CLANG_WARN_BLOCK_CAPTURE_AUTORELEASING = YES;
				CLANG_WARN_BOOL_CONVERSION = YES;
				CLANG_WARN_COMMA = YES;
				CLANG_WARN_CONSTANT_CONVERSION = YES;
				CLANG_WARN_DEPRECATED_OBJC_IMPLEMENTATIONS = YES;
				CLANG_WARN_DIRECT_OBJC_ISA_USAGE = YES_ERROR;
				CLANG_WARN_DOCUMENTATION_COMMENTS = YES;
				CLANG_WARN_EMPTY_BODY = YES;
				CLANG_WARN_ENUM_CONVERSION = YES;
				CLANG_WARN_INFINITE_RECURSION = YES;
				CLANG_WARN_INT_CONVERSION = YES;
				CLANG_WARN_NON_LITERAL_NULL_CONVERSION = YES;
				CLANG_WARN_OBJC_IMPLICIT_RETAIN_SELF = YES;
				CLANG_WARN_OBJC_LITERAL_CONVERSION = YES;
				CLANG_WARN_OBJC_ROOT_CLASS = YES_ERROR;
				CLANG_WARN_QUOTED_INCLUDE_IN_FRAMEWORK_HEADER = YES;
				CLANG_WARN_RANGE_LOOP_ANALYSIS = YES;
				CLANG_WARN_STRICT_PROTOTYPES = YES;
				CLANG_WARN_SUSPICIOUS_MOVE = YES;
				CLANG_WARN_UNGUARDED_AVAILABILITY = YES_AGGRESSIVE;
				CLANG_WARN_UNREACHABLE_CODE = YES;
				CLANG_WARN__DUPLICATE_METHOD_MATCH = YES;
				COPY_PHASE_STRIP = NO;
				DEBUG_INFORMATION_FORMAT = dwarf;
				ENABLE_STRICT_OBJC_MSGSEND = YES;
				ENABLE_TESTABILITY = YES;
				GCC_C_LANGUAGE_STANDARD = gnu11;
				GCC_DYNAMIC_NO_PIC = NO;
				GCC_NO_COMMON_BLOCKS = YES;
				GCC_OPTIMIZATION_LEVEL = 0;
				GCC_PREPROCESSOR_DEFINITIONS = (
					"DEBUG=1",
					"$(inherited)",
				);
				GCC_WARN_64_TO_32_BIT_CONVERSION = YES;
				GCC_WARN_ABOUT_RETURN_TYPE = YES_ERROR;
				GCC_WARN_UNDECLARED_SELECTOR = YES;
				GCC_WARN_UNINITIALIZED_AUTOS = YES_AGGRESSIVE;
				GCC_WARN_UNUSED_FUNCTION = YES;
				GCC_WARN_UNUSED_VARIABLE = YES;
				IPHONEOS_DEPLOYMENT_TARGET = 16.4;
				MTL_ENABLE_DEBUG_INFO = INCLUDE_SOURCE;
				MTL_FAST_MATH = YES;
				ONLY_ACTIVE_ARCH = YES;
				SDKROOT = iphoneos;
				SWIFT_ACTIVE_COMPILATION_CONDITIONS = DEBUG;
				SWIFT_OPTIMIZATION_LEVEL = "-Onone";
			};
			name = Debug;
		};
		2C8E8BF12A95CE3F00E6EFBE /* Release */ = {
			isa = XCBuildConfiguration;
			buildSettings = {
				ALWAYS_SEARCH_USER_PATHS = NO;
				CLANG_ANALYZER_NONNULL = YES;
				CLANG_ANALYZER_NUMBER_OBJECT_CONVERSION = YES_AGGRESSIVE;
				CLANG_CXX_LANGUAGE_STANDARD = "gnu++20";
				CLANG_ENABLE_MODULES = YES;
				CLANG_ENABLE_OBJC_ARC = YES;
				CLANG_ENABLE_OBJC_WEAK = YES;
				CLANG_WARN_BLOCK_CAPTURE_AUTORELEASING = YES;
				CLANG_WARN_BOOL_CONVERSION = YES;
				CLANG_WARN_COMMA = YES;
				CLANG_WARN_CONSTANT_CONVERSION = YES;
				CLANG_WARN_DEPRECATED_OBJC_IMPLEMENTATIONS = YES;
				CLANG_WARN_DIRECT_OBJC_ISA_USAGE = YES_ERROR;
				CLANG_WARN_DOCUMENTATION_COMMENTS = YES;
				CLANG_WARN_EMPTY_BODY = YES;
				CLANG_WARN_ENUM_CONVERSION = YES;
				CLANG_WARN_INFINITE_RECURSION = YES;
				CLANG_WARN_INT_CONVERSION = YES;
				CLANG_WARN_NON_LITERAL_NULL_CONVERSION = YES;
				CLANG_WARN_OBJC_IMPLICIT_RETAIN_SELF = YES;
				CLANG_WARN_OBJC_LITERAL_CONVERSION = YES;
				CLANG_WARN_OBJC_ROOT_CLASS = YES_ERROR;
				CLANG_WARN_QUOTED_INCLUDE_IN_FRAMEWORK_HEADER = YES;
				CLANG_WARN_RANGE_LOOP_ANALYSIS = YES;
				CLANG_WARN_STRICT_PROTOTYPES = YES;
				CLANG_WARN_SUSPICIOUS_MOVE = YES;
				CLANG_WARN_UNGUARDED_AVAILABILITY = YES_AGGRESSIVE;
				CLANG_WARN_UNREACHABLE_CODE = YES;
				CLANG_WARN__DUPLICATE_METHOD_MATCH = YES;
				COPY_PHASE_STRIP = NO;
				DEBUG_INFORMATION_FORMAT = "dwarf-with-dsym";
				ENABLE_NS_ASSERTIONS = NO;
				ENABLE_STRICT_OBJC_MSGSEND = YES;
				GCC_C_LANGUAGE_STANDARD = gnu11;
				GCC_NO_COMMON_BLOCKS = YES;
				GCC_WARN_64_TO_32_BIT_CONVERSION = YES;
				GCC_WARN_ABOUT_RETURN_TYPE = YES_ERROR;
				GCC_WARN_UNDECLARED_SELECTOR = YES;
				GCC_WARN_UNINITIALIZED_AUTOS = YES_AGGRESSIVE;
				GCC_WARN_UNUSED_FUNCTION = YES;
				GCC_WARN_UNUSED_VARIABLE = YES;
				IPHONEOS_DEPLOYMENT_TARGET = 16.4;
				MTL_ENABLE_DEBUG_INFO = NO;
				MTL_FAST_MATH = YES;
				SDKROOT = iphoneos;
				SWIFT_COMPILATION_MODE = wholemodule;
				SWIFT_OPTIMIZATION_LEVEL = "-O";
				VALIDATE_PRODUCT = YES;
			};
			name = Release;
		};
		2C8E8BF32A95CE3F00E6EFBE /* Debug */ = {
			isa = XCBuildConfiguration;
			buildSettings = {
				ASSETCATALOG_COMPILER_APPICON_NAME = AppIcon;
				ASSETCATALOG_COMPILER_GLOBAL_ACCENT_COLOR_NAME = AccentColor;
				CODE_SIGN_STYLE = Automatic;
				CURRENT_PROJECT_VERSION = 1;
				DEVELOPMENT_TEAM = 6QP4UB5R5V;
				GENERATE_INFOPLIST_FILE = YES;
				INFOPLIST_FILE = superHeroBook/Info.plist;
				INFOPLIST_KEY_UIApplicationSupportsIndirectInputEvents = YES;
				INFOPLIST_KEY_UILaunchStoryboardName = LaunchScreen;
				INFOPLIST_KEY_UIMainStoryboardFile = Main;
				INFOPLIST_KEY_UISupportedInterfaceOrientations_iPad = "UIInterfaceOrientationPortrait UIInterfaceOrientationPortraitUpsideDown UIInterfaceOrientationLandscapeLeft UIInterfaceOrientationLandscapeRight";
				INFOPLIST_KEY_UISupportedInterfaceOrientations_iPhone = "UIInterfaceOrientationPortrait UIInterfaceOrientationLandscapeLeft UIInterfaceOrientationLandscapeRight";
				LD_RUNPATH_SEARCH_PATHS = (
					"$(inherited)",
					"@executable_path/Frameworks",
				);
				MARKETING_VERSION = 1.0;
				PRODUCT_BUNDLE_IDENTIFIER = com.iremyilmaz.superHeroBook;
				PRODUCT_NAME = "$(TARGET_NAME)";
				SWIFT_EMIT_LOC_STRINGS = YES;
				SWIFT_VERSION = 5.0;
				TARGETED_DEVICE_FAMILY = "1,2";
			};
			name = Debug;
		};
		2C8E8BF42A95CE3F00E6EFBE /* Release */ = {
			isa = XCBuildConfiguration;
			buildSettings = {
				ASSETCATALOG_COMPILER_APPICON_NAME = AppIcon;
				ASSETCATALOG_COMPILER_GLOBAL_ACCENT_COLOR_NAME = AccentColor;
				CODE_SIGN_STYLE = Automatic;
				CURRENT_PROJECT_VERSION = 1;
				DEVELOPMENT_TEAM = 6QP4UB5R5V;
				GENERATE_INFOPLIST_FILE = YES;
				INFOPLIST_FILE = superHeroBook/Info.plist;
				INFOPLIST_KEY_UIApplicationSupportsIndirectInputEvents = YES;
				INFOPLIST_KEY_UILaunchStoryboardName = LaunchScreen;
				INFOPLIST_KEY_UIMainStoryboardFile = Main;
				INFOPLIST_KEY_UISupportedInterfaceOrientations_iPad = "UIInterfaceOrientationPortrait UIInterfaceOrientationPortraitUpsideDown UIInterfaceOrientationLandscapeLeft UIInterfaceOrientationLandscapeRight";
				INFOPLIST_KEY_UISupportedInterfaceOrientations_iPhone = "UIInterfaceOrientationPortrait UIInterfaceOrientationLandscapeLeft UIInterfaceOrientationLandscapeRight";
				LD_RUNPATH_SEARCH_PATHS = (
					"$(inherited)",
					"@executable_path/Frameworks",
				);
				MARKETING_VERSION = 1.0;
				PRODUCT_BUNDLE_IDENTIFIER = com.iremyilmaz.superHeroBook;
				PRODUCT_NAME = "$(TARGET_NAME)";
				SWIFT_EMIT_LOC_STRINGS = YES;
				SWIFT_VERSION = 5.0;
				TARGETED_DEVICE_FAMILY = "1,2";
			};
			name = Release;
		};
/* End XCBuildConfiguration section */

/* Begin XCConfigurationList section */
		2C8E8BD92A95CE3E00E6EFBE /* Build configuration list for PBXProject "superHeroBook" */ = {
			isa = XCConfigurationList;
			buildConfigurations = (
				2C8E8BF02A95CE3F00E6EFBE /* Debug */,
				2C8E8BF12A95CE3F00E6EFBE /* Release */,
			);
			defaultConfigurationIsVisible = 0;
			defaultConfigurationName = Release;
		};
		2C8E8BF22A95CE3F00E6EFBE /* Build configuration list for PBXNativeTarget "superHeroBook" */ = {
			isa = XCConfigurationList;
			buildConfigurations = (
				2C8E8BF32A95CE3F00E6EFBE /* Debug */,
				2C8E8BF42A95CE3F00E6EFBE /* Release */,
			);
			defaultConfigurationIsVisible = 0;
			defaultConfigurationName = Release;
		};
/* End XCConfigurationList section */
	};
	rootObject = 2C8E8BD62A95CE3E00E6EFBE /* Project object */;
}
